
Microsoft Visual Studio Solution File, Format Version 12.00
# Visual Studio Version 16
VisualStudioVersion = 16.0.29709.97
MinimumVisualStudioVersion = 10.0.40219.1
Project("{FAE04EC0-301F-11D3-BF4B-00C04F79EFBC}") = "Lo-Fi Radio", "Lo-Fi Radio\Lo-Fi Radio.csproj", "{2B5371C7-10A6-431B-9E99-53308828A39D}"
EndProject
Global
	GlobalSection(SolutionConfigurationPlatforms) = preSolution
		Debug|Any CPU = Debug|Any CPU
		Release|Any CPU = Release|Any CPU
	EndGlobalSection
	GlobalSection(ProjectConfigurationPlatforms) = postSolution
		{2B5371C7-10A6-431B-9E99-53308828A39D}.Debug|Any CPU.ActiveCfg = Debug|Any CPU
		{2B5371C7-10A6-431B-9E99-53308828A39D}.Debug|Any CPU.Build.0 = Debug|Any CPU
		{2B5371C7-10A6-431B-9E99-53308828A39D}.Release|Any CPU.ActiveCfg = Release|Any CPU
		{2B5371C7-10A6-431B-9E99-53308828A39D}.Release|Any CPU.Build.0 = Release|Any CPU
	EndGlobalSection
	GlobalSection(SolutionProperties) = preSolution
		HideSolutionNode = FALSE
	EndGlobalSection
	GlobalSection(ExtensibilityGlobals) = postSolution
		SolutionGuid = {567FAEE6-07B7-42F3-95AE-83B5C9D7E507}
	EndGlobalSection
EndGlobal
